// !$*UTF8*$!
{
	archiveVersion = 1;
	classes = {
	};
	objectVersion = 46;
	objects = {

/* Begin PBXBuildFile section */
		4C6A22311D950B6F00266E23 /* AppDelegate.swift in Sources */ = {isa = PBXBuildFile; fileRef = 4C6A22301D950B6F00266E23 /* AppDelegate.swift */; };
		4C6A22331D950B6F00266E23 /* ViewController.swift in Sources */ = {isa = PBXBuildFile; fileRef = 4C6A22321D950B6F00266E23 /* ViewController.swift */; };
		4C6A22361D950B6F00266E23 /* Main.storyboard in Resources */ = {isa = PBXBuildFile; fileRef = 4C6A22341D950B6F00266E23 /* Main.storyboard */; };
		4C6A22381D950B6F00266E23 /* Assets.xcassets in Resources */ = {isa = PBXBuildFile; fileRef = 4C6A22371D950B6F00266E23 /* Assets.xcassets */; };
		4C6A223B1D950B6F00266E23 /* LaunchScreen.storyboard in Resources */ = {isa = PBXBuildFile; fileRef = 4C6A22391D950B6F00266E23 /* LaunchScreen.storyboard */; };
/* End PBXBuildFile section */

/* Begin PBXFileReference section */
		4C6A222D1D950B6F00266E23 /* git-test.app */ = {isa = PBXFileReference; explicitFileType = wrapper.application; includeInIndex = 0; path = "git-test.app"; sourceTree = BUILT_PRODUCTS_DIR; };
		4C6A22301D950B6F00266E23 /* AppDelegate.swift */ = {isa = PBXFileReference; lastKnownFileType = sourcecode.swift; path = AppDelegate.swift; sourceTree = "<group>"; };
		4C6A22321D950B6F00266E23 /* ViewController.swift */ = {isa = PBXFileReference; lastKnownFileType = sourcecode.swift; path = ViewController.swift; sourceTree = "<group>"; };
		4C6A22351D950B6F00266E23 /* Base */ = {isa = PBXFileReference; lastKnownFileType = file.storyboard; name = Base; path = Base.lproj/Main.storyboard; sourceTree = "<group>"; };
		4C6A22371D950B6F00266E23 /* Assets.xcassets */ = {isa = PBXFileReference; lastKnownFileType = folder.assetcatalog; path = Assets.xcassets; sourceTree = "<group>"; };
		4C6A223A1D950B6F00266E23 /* Base */ = {isa = PBXFileReference; lastKnownFileType = file.storyboard; name = Base; path = Base.lproj/LaunchScreen.storyboard; sourceTree = "<group>"; };
		4C6A223C1D950B6F00266E23 /* Info.plist */ = {isa = PBXFileReference; lastKnownFileType = text.plist.xml; path = Info.plist; sourceTree = "<group>"; };
/* End PBXFileReference section */

/* Begin PBXFrameworksBuildPhase section */
		4C6A222A1D950B6F00266E23 /* Frameworks */ = {
			isa = PBXFrameworksBuildPhase;
			buildActionMask = 2147483647;
			files = (
			);
			runOnlyForDeploymentPostprocessing = 0;
		};
/* End PBXFrameworksBuildPhase section */

/* Begin PBXGroup section */
		4C6A22241D950B6F00266E23 = {
			isa = PBXGroup;
			children = (
				4C6A222F1D950B6F00266E23 /* git-test */,
				4C6A222E1D950B6F00266E23 /* Products */,
			);
			sourceTree = "<group>";
		};
		4C6A222E1D950B6F00266E23 /* Products */ = {
			isa = PBXGroup;
			children = (
				4C6A222D1D950B6F00266E23 /* git-test.app */,
			);
			name = Products;
			sourceTree = "<group>";
		};
		4C6A222F1D950B6F00266E23 /* git-test */ = {
			isa = PBXGroup;
			children = (
				4C6A22301D950B6F00266E23 /* AppDelegate.swift */,
				4C6A22321D950B6F00266E23 /* ViewController.swift */,
				4C6A22341D950B6F00266E23 /* Main.storyboard */,
				4C6A22371D950B6F00266E23 /* Assets.xcassets */,
				4C6A22391D950B6F00266E23 /* LaunchScreen.storyboard */,
				4C6A223C1D950B6F00266E23 /* Info.plist */,
			);
			path = "git-test";
			sourceTree = "<group>";
		};
/* End PBXGroup section */

/* Begin PBXNativeTarget section */
		4C6A222C1D950B6F00266E23 /* git-test */ = {
			isa = PBXNativeTarget;
			buildConfigurationList = 4C6A223F1D950B6F00266E23 /* Build configuration list for PBXNativeTarget "git-test" */;
			buildPhases = (
				4C6A22291D950B6F00266E23 /* Sources */,
				4C6A222A1D950B6F00266E23 /* Frameworks */,
				4C6A222B1D950B6F00266E23 /* Resources */,
			);
			buildRules = (
			);
			dependencies = (
			);
			name = "git-test";
			productName = "git-test";
			productReference = 4C6A222D1D950B6F00266E23 /* git-test.app */;
			productType = "com.apple.product-type.application";
		};
/* End PBXNativeTarget section */

/* Begin PBXProject section */
		4C6A22251D950B6F00266E23 /* Project object */ = {
			isa = PBXProject;
			attributes = {
				LastSwiftUpdateCheck = 0800;
				LastUpgradeCheck = 0800;
				ORGANIZATIONNAME = "Chance Allred";
				TargetAttributes = {
					4C6A222C1D950B6F00266E23 = {
						CreatedOnToolsVersion = 8.0;
						DevelopmentTeam = HD4F588BMZ;
						ProvisioningStyle = Automatic;
					};
				};
			};
			buildConfigurationList = 4C6A22281D950B6F00266E23 /* Build configuration list for PBXProject "git-test" */;
			compatibilityVersion = "Xcode 3.2";
			developmentRegion = English;
			hasScannedForEncodings = 0;
			knownRegions = (
				en,
				Base,
			);
			mainGroup = 4C6A22241D950B6F00266E23;
			productRefGroup = 4C6A222E1D950B6F00266E23 /* Products */;
			projectDirPath = "";
			projectRoot = "";
			targets = (
				4C6A222C1D950B6F00266E23 /* git-test */,
			);
		};
/* End PBXProject section */

/* Begin PBXResourcesBuildPhase section */
		4C6A222B1D950B6F00266E23 /* Resources */ = {
			isa = PBXResourcesBuildPhase;
			buildActionMask = 2147483647;
			files = (
				4C6A223B1D950B6F00266E23 /* LaunchScreen.storyboard in Resources */,
				4C6A22381D950B6F00266E23 /* Assets.xcassets in Resources */,
				4C6A22361D950B6F00266E23 /* Main.storyboard in Resources */,
			);
			runOnlyForDeploymentPostprocessing = 0;
		};
/* End PBXResourcesBuildPhase section */

/* Begin PBXSourcesBuildPhase section */
		4C6A22291D950B6F00266E23 /* Sources */ = {
			isa = PBXSourcesBuildPhase;
			buildActionMask = 2147483647;
			files = (
				4C6A22331D950B6F00266E23 /* ViewController.swift in Sources */,
				4C6A22311D950B6F00266E23 /* AppDelegate.swift in Sources */,
			);
			runOnlyForDeploymentPostprocessing = 0;
		};
/* End PBXSourcesBuildPhase section */

/* Begin PBXVariantGroup section */
		4C6A22341D950B6F00266E23 /* Main.storyboard */ = {
			isa = PBXVariantGroup;
			children = (
				4C6A22351D950B6F00266E23 /* Base */,
			);
			name = Main.storyboard;
			sourceTree = "<group>";
		};
		4C6A22391D950B6F00266E23 /* LaunchScreen.storyboard */ = {
			isa = PBXVariantGroup;
			children = (
				4C6A223A1D950B6F00266E23 /* Base */,
			);
			name = LaunchScreen.storyboard;
			sourceTree = "<group>";
		};
/* End PBXVariantGroup section */

/* Begin XCBuildConfiguration section */
		4C6A223D1D950B6F00266E23 /* Debug */ = {
			isa = XCBuildConfiguration;
			buildSettings = {
				ALWAYS_SEARCH_USER_PATHS = NO;
				CLANG_ANALYZER_NONNULL = YES;
				CLANG_CXX_LANGUAGE_STANDARD = "gnu++0x";
				CLANG_CXX_LIBRARY = "libc++";
				CLANG_ENABLE_MODULES = YES;
				CLANG_ENABLE_OBJC_ARC = YES;
				CLANG_WARN_BOOL_CONVERSION = YES;
				CLANG_WARN_CONSTANT_CONVERSION = YES;
				CLANG_WARN_DIRECT_OBJC_ISA_USAGE = YES_ERROR;
				CLANG_WARN_DOCUMENTATION_COMMENTS = YES;
				CLANG_WARN_EMPTY_BODY = YES;
				CLANG_WARN_ENUM_CONVERSION = YES;
				CLANG_WARN_INFINITE_RECURSION = YES;
				CLANG_WARN_INT_CONVERSION = YES;
				CLANG_WARN_OBJC_ROOT_CLASS = YES_ERROR;
				CLANG_WARN_SUSPICIOUS_MOVES = YES;
				CLANG_WARN_UNREACHABLE_CODE = YES;
				CLANG_WARN__DUPLICATE_METHOD_MATCH = YES;
				"CODE_SIGN_IDENTITY[sdk=iphoneos*]" = "iPhone Developer";
				COPY_PHASE_STRIP = NO;
				DEBUG_INFORMATION_FORMAT = dwarf;
				ENABLE_STRICT_OBJC_MSGSEND = YES;
				ENABLE_TESTABILITY = YES;
				GCC_C_LANGUAGE_STANDARD = gnu99;
				GCC_DYNAMIC_NO_PIC = NO;
				GCC_NO_COMMON_BLOCKS = YES;
				GCC_OPTIMIZATION_LEVEL = 0;
				GCC_PREPROCESSOR_DEFINITIONS = (
					"DEBUG=1",
					"$(inherited)",
				);
				GCC_WARN_64_TO_32_BIT_CONVERSION = YES;
				GCC_WARN_ABOUT_RETURN_TYPE = YES_ERROR;
				GCC_WARN_UNDECLARED_SELECTOR = YES;
				GCC_WARN_UNINITIALIZED_AUTOS = YES_AGGRESSIVE;
				GCC_WARN_UNUSED_FUNCTION = YES;
				GCC_WARN_UNUSED_VARIABLE = YES;
				IPHONEOS_DEPLOYMENT_TARGET = 10.0;
				MTL_ENABLE_DEBUG_INFO = YES;
				ONLY_ACTIVE_ARCH = YES;
				SDKROOT = iphoneos;
				SWIFT_ACTIVE_COMPILATION_CONDITIONS = DEBUG;
				SWIFT_OPTIMIZATION_LEVEL = "-Onone";
			};
			name = Debug;
		};
		4C6A223E1D950B6F00266E23 /* Release */ = {
			isa = XCBuildConfiguration;
			buildSettings = {
				ALWAYS_SEARCH_USER_PATHS = NO;
				CLANG_ANALYZER_NONNULL = YES;
				CLANG_CXX_LANGUAGE_STANDARD = "gnu++0x";
				CLANG_CXX_LIBRARY = "libc++";
				CLANG_ENABLE_MODULES = YES;
				CLANG_ENABLE_OBJC_ARC = YES;
				CLANG_WARN_BOOL_CONVERSION = YES;
				CLANG_WARN_CONSTANT_CONVERSION = YES;
				CLANG_WARN_DIRECT_OBJC_ISA_USAGE = YES_ERROR;
				CLANG_WARN_DOCUMENTATION_COMMENTS = YES;
				CLANG_WARN_EMPTY_BODY = YES;
				CLANG_WARN_ENUM_CONVERSION = YES;
				CLANG_WARN_INFINITE_RECURSION = YES;
				CLANG_WARN_INT_CONVERSION = YES;
				CLANG_WARN_OBJC_ROOT_CLASS = YES_ERROR;
				CLANG_WARN_SUSPICIOUS_MOVES = YES;
				CLANG_WARN_UNREACHABLE_CODE = YES;
				CLANG_WARN__DUPLICATE_METHOD_MATCH = YES;
				"CODE_SIGN_IDENTITY[sdk=iphoneos*]" = "iPhone Developer";
				COPY_PHASE_STRIP = NO;
				DEBUG_INFORMATION_FORMAT = "dwarf-with-dsym";
				ENABLE_NS_ASSERTIONS = NO;
				ENABLE_STRICT_OBJC_MSGSEND = YES;
				GCC_C_LANGUAGE_STANDARD = gnu99;
				GCC_NO_COMMON_BLOCKS = YES;
				GCC_WARN_64_TO_32_BIT_CONVERSION = YES;
				GCC_WARN_ABOUT_RETURN_TYPE = YES_ERROR;
				GCC_WARN_UNDECLARED_SELECTOR = YES;
				GCC_WARN_UNINITIALIZED_AUTOS = YES_AGGRESSIVE;
				GCC_WARN_UNUSED_FUNCTION = YES;
				GCC_WARN_UNUSED_VARIABLE = YES;
				IPHONEOS_DEPLOYMENT_TARGET = 10.0;
				MTL_ENABLE_DEBUG_INFO = NO;
				SDKROOT = iphoneos;
				SWIFT_OPTIMIZATION_LEVEL = "-Owholemodule";
				VALIDATE_PRODUCT = YES;
			};
			name = Release;
		};
		4C6A22401D950B6F00266E23 /* Debug */ = {
			isa = XCBuildConfiguration;
			buildSettings = {
				ASSETCATALOG_COMPILER_APPICON_NAME = AppIcon;
				DEVELOPMENT_TEAM = HD4F588BMZ;
				INFOPLIST_FILE = "git-test/Info.plist";
				LD_RUNPATH_SEARCH_PATHS = "$(inherited) @executable_path/Frameworks";
				PRODUCT_BUNDLE_IDENTIFIER = "com.Chance-Allred.git-test";
				PRODUCT_NAME = "$(TARGET_NAME)";
				SWIFT_VERSION = 3.0;
			};
			name = Debug;
		};
		4C6A22411D950B6F00266E23 /* Release */ = {
			isa = XCBuildConfiguration;
			buildSettings = {
				ASSETCATALOG_COMPILER_APPICON_NAME = AppIcon;
				DEVELOPMENT_TEAM = HD4F588BMZ;
				INFOPLIST_FILE = "git-test/Info.plist";
				LD_RUNPATH_SEARCH_PATHS = "$(inherited) @executable_path/Frameworks";
				PRODUCT_BUNDLE_IDENTIFIER = "com.Chance-Allred.git-test";
				PRODUCT_NAME = "$(TARGET_NAME)";
				SWIFT_VERSION = 3.0;
			};
			name = Release;
		};
/* End XCBuildConfiguration section */

/* Begin XCConfigurationList section */
		4C6A22281D950B6F00266E23 /* Build configuration list for PBXProject "git-test" */ = {
			isa = XCConfigurationList;
			buildConfigurations = (
				4C6A223D1D950B6F00266E23 /* Debug */,
				4C6A223E1D950B6F00266E23 /* Release */,
			);
			defaultConfigurationIsVisible = 0;
			defaultConfigurationName = Release;
		};
		4C6A223F1D950B6F00266E23 /* Build configuration list for PBXNativeTarget "git-test" */ = {
			isa = XCConfigurationList;
			buildConfigurations = (
				4C6A22401D950B6F00266E23 /* Debug */,
				4C6A22411D950B6F00266E23 /* Release */,
			);
			defaultConfigurationIsVisible = 0;
		};
/* End XCConfigurationList section */
	};
	rootObject = 4C6A22251D950B6F00266E23 /* Project object */;
}
